
Microsoft Visual Studio Solution File, Format Version 12.00
# Visual Studio Version 17
VisualStudioVersion = 17.12.35707.178 d17.12
MinimumVisualStudioVersion = 10.0.40219.1
Project("{FAE04EC0-301F-11D3-BF4B-00C04F79EFBC}") = "Altairis.Fakturoid.Client.DemoApp", "Altairis.Fakturoid.Client.DemoApp\Altairis.Fakturoid.Client.DemoApp.csproj", "{585D7E5A-1222-4B21-92DE-95078693150A}"
EndProject
Project("{FAE04EC0-301F-11D3-BF4B-00C04F79EFBC}") = "Altairis.Fakturoid.Client.Purge", "Altairis.Fakturoid.Client.Purge\Altairis.Fakturoid.Client.Purge.csproj", "{9BBAECBD-0A8D-4F3C-A07E-9FA518E999E8}"
EndProject
Project("{9A19103F-16F7-4668-BE54-9A1E7A4F7556}") = "Altairis.Fakturoid.Client", "Altairis.Fakturoid.Client\Altairis.Fakturoid.Client.csproj", "{ECCF38E7-7148-41B9-ADEB-67763E01970A}"
EndProject
Project("{2150E333-8FDC-42A3-9474-1A3956D46DE8}") = "Solution Items", "Solution Items", "{37D71DC3-ACB6-491E-8DBD-A39E179B0438}"
	ProjectSection(SolutionItems) = preProject
		.editorconfig = .editorconfig
		.gitignore = .gitignore
		API-Reference.md = API-Reference.md
		CODE_OF_CONDUCT.md = CODE_OF_CONDUCT.md
		LICENSE = LICENSE
		README.md = README.md
	EndProjectSection
EndProject
Global
	GlobalSection(SolutionConfigurationPlatforms) = preSolution
		Debug|Any CPU = Debug|Any CPU
		Release|Any CPU = Release|Any CPU
	EndGlobalSection
	GlobalSection(ProjectConfigurationPlatforms) = postSolution
		{585D7E5A-1222-4B21-92DE-95078693150A}.Debug|Any CPU.ActiveCfg = Debug|Any CPU
		{585D7E5A-1222-4B21-92DE-95078693150A}.Debug|Any CPU.Build.0 = Debug|Any CPU
		{585D7E5A-1222-4B21-92DE-95078693150A}.Release|Any CPU.ActiveCfg = Release|Any CPU
		{585D7E5A-1222-4B21-92DE-95078693150A}.Release|Any CPU.Build.0 = Release|Any CPU
		{9BBAECBD-0A8D-4F3C-A07E-9FA518E999E8}.Debug|Any CPU.ActiveCfg = Debug|Any CPU
		{9BBAECBD-0A8D-4F3C-A07E-9FA518E999E8}.Debug|Any CPU.Build.0 = Debug|Any CPU
		{9BBAECBD-0A8D-4F3C-A07E-9FA518E999E8}.Release|Any CPU.ActiveCfg = Release|Any CPU
		{9BBAECBD-0A8D-4F3C-A07E-9FA518E999E8}.Release|Any CPU.Build.0 = Release|Any CPU
		{ECCF38E7-7148-41B9-ADEB-67763E01970A}.Debug|Any CPU.ActiveCfg = Debug|Any CPU
		{ECCF38E7-7148-41B9-ADEB-67763E01970A}.Debug|Any CPU.Build.0 = Debug|Any CPU
		{ECCF38E7-7148-41B9-ADEB-67763E01970A}.Release|Any CPU.ActiveCfg = Release|Any CPU
		{ECCF38E7-7148-41B9-ADEB-67763E01970A}.Release|Any CPU.Build.0 = Release|Any CPU
	EndGlobalSection
	GlobalSection(SolutionProperties) = preSolution
		HideSolutionNode = FALSE
	EndGlobalSection
	GlobalSection(ExtensibilityGlobals) = postSolution
		SolutionGuid = {95E2231F-1D67-435B-9D36-081B31F95966}
	EndGlobalSection
EndGlobal
